// !$*UTF8*$!
{
	archiveVersion = 1;
	classes = {
	};
	objectVersion = 56;
	objects = {

/* Begin PBXBuildFile section */
		EF61DBF02AD7103500B2C01B /* blurry_image.jpg in Resources */ = {isa = PBXBuildFile; fileRef = EF61DBEE2AD7103500B2C01B /* blurry_image.jpg */; };
		EF61DBF22AD7122A00B2C01B /* clear_image.jpg in Resources */ = {isa = PBXBuildFile; fileRef = EF61DBF12AD7122A00B2C01B /* clear_image.jpg */; };
		EFD041782AD466A30005F861 /* AppDelegate.swift in Sources */ = {isa = PBXBuildFile; fileRef = EFD041772AD466A30005F861 /* AppDelegate.swift */; };
		EFD0417A2AD466A30005F861 /* SceneDelegate.swift in Sources */ = {isa = PBXBuildFile; fileRef = EFD041792AD466A30005F861 /* SceneDelegate.swift */; };
		EFD0417C2AD466A30005F861 /* ViewController.swift in Sources */ = {isa = PBXBuildFile; fileRef = EFD0417B2AD466A30005F861 /* ViewController.swift */; };
		EFD0417F2AD466A30005F861 /* Main.storyboard in Resources */ = {isa = PBXBuildFile; fileRef = EFD0417D2AD466A30005F861 /* Main.storyboard */; };
		EFD041812AD466A40005F861 /* Assets.xcassets in Resources */ = {isa = PBXBuildFile; fileRef = EFD041802AD466A40005F861 /* Assets.xcassets */; };
		EFD041842AD466A40005F861 /* LaunchScreen.storyboard in Resources */ = {isa = PBXBuildFile; fileRef = EFD041822AD466A40005F861 /* LaunchScreen.storyboard */; };
		EFD0418F2AD466A50005F861 /* OpenCV_CamTests.swift in Sources */ = {isa = PBXBuildFile; fileRef = EFD0418E2AD466A50005F861 /* OpenCV_CamTests.swift */; };
		EFD041AD2AD46B700005F861 /* OpenCVDetector.mm in Sources */ = {isa = PBXBuildFile; fileRef = EFD041AC2AD46B700005F861 /* OpenCVDetector.mm */; };
		EFD041B02AD4710C0005F861 /* haarcascade_frontalface_default.xml in Resources */ = {isa = PBXBuildFile; fileRef = EFD041AF2AD4710C0005F861 /* haarcascade_frontalface_default.xml */; };
		EFD041B72AD475D40005F861 /* OpenCV in Frameworks */ = {isa = PBXBuildFile; productRef = EFD041B62AD475D40005F861 /* OpenCV */; };
		EFD041BA2AD47B410005F861 /* CameraController.swift in Sources */ = {isa = PBXBuildFile; fileRef = EFD041B92AD47B410005F861 /* CameraController.swift */; };
		EFD041C02AD4AAB00005F861 /* haarcascade_cat.xml in Resources */ = {isa = PBXBuildFile; fileRef = EFD041BF2AD4AAB00005F861 /* haarcascade_cat.xml */; };
/* End PBXBuildFile section */

/* Begin PBXContainerItemProxy section */
		EFD0418B2AD466A50005F861 /* PBXContainerItemProxy */ = {
			isa = PBXContainerItemProxy;
			containerPortal = EFD0416C2AD466A30005F861 /* Project object */;
			proxyType = 1;
			remoteGlobalIDString = EFD041732AD466A30005F861;
			remoteInfo = OpenCV_Cam;
		};
/* End PBXContainerItemProxy section */

/* Begin PBXFileReference section */
		EF61DBEE2AD7103500B2C01B /* blurry_image.jpg */ = {isa = PBXFileReference; lastKnownFileType = image.jpeg; path = blurry_image.jpg; sourceTree = "<group>"; };
		EF61DBF12AD7122A00B2C01B /* clear_image.jpg */ = {isa = PBXFileReference; lastKnownFileType = image.jpeg; path = clear_image.jpg; sourceTree = "<group>"; };
		EFD041742AD466A30005F861 /* OpenCV_Cam.app */ = {isa = PBXFileReference; explicitFileType = wrapper.application; includeInIndex = 0; path = OpenCV_Cam.app; sourceTree = BUILT_PRODUCTS_DIR; };
		EFD041772AD466A30005F861 /* AppDelegate.swift */ = {isa = PBXFileReference; lastKnownFileType = sourcecode.swift; path = AppDelegate.swift; sourceTree = "<group>"; };
		EFD041792AD466A30005F861 /* SceneDelegate.swift */ = {isa = PBXFileReference; lastKnownFileType = sourcecode.swift; path = SceneDelegate.swift; sourceTree = "<group>"; };
		EFD0417B2AD466A30005F861 /* ViewController.swift */ = {isa = PBXFileReference; lastKnownFileType = sourcecode.swift; path = ViewController.swift; sourceTree = "<group>"; };
		EFD0417E2AD466A30005F861 /* Base */ = {isa = PBXFileReference; lastKnownFileType = file.storyboard; name = Base; path = Base.lproj/Main.storyboard; sourceTree = "<group>"; };
		EFD041802AD466A40005F861 /* Assets.xcassets */ = {isa = PBXFileReference; lastKnownFileType = folder.assetcatalog; path = Assets.xcassets; sourceTree = "<group>"; };
		EFD041832AD466A40005F861 /* Base */ = {isa = PBXFileReference; lastKnownFileType = file.storyboard; name = Base; path = Base.lproj/LaunchScreen.storyboard; sourceTree = "<group>"; };
		EFD041852AD466A40005F861 /* Info.plist */ = {isa = PBXFileReference; lastKnownFileType = text.plist.xml; path = Info.plist; sourceTree = "<group>"; };
		EFD0418A2AD466A50005F861 /* OpenCV_CamTests.xctest */ = {isa = PBXFileReference; explicitFileType = wrapper.cfbundle; includeInIndex = 0; path = OpenCV_CamTests.xctest; sourceTree = BUILT_PRODUCTS_DIR; };
		EFD0418E2AD466A50005F861 /* OpenCV_CamTests.swift */ = {isa = PBXFileReference; lastKnownFileType = sourcecode.swift; path = OpenCV_CamTests.swift; sourceTree = "<group>"; };
		EFD041AA2AD46B700005F861 /* OpenCV_Cam-Bridging-Header.h */ = {isa = PBXFileReference; lastKnownFileType = sourcecode.c.h; path = "OpenCV_Cam-Bridging-Header.h"; sourceTree = "<group>"; };
		EFD041AB2AD46B700005F861 /* OpenCVDetector.h */ = {isa = PBXFileReference; lastKnownFileType = sourcecode.c.h; path = OpenCVDetector.h; sourceTree = "<group>"; };
		EFD041AC2AD46B700005F861 /* OpenCVDetector.mm */ = {isa = PBXFileReference; lastKnownFileType = sourcecode.cpp.objcpp; path = OpenCVDetector.mm; sourceTree = "<group>"; };
		EFD041AF2AD4710C0005F861 /* haarcascade_frontalface_default.xml */ = {isa = PBXFileReference; fileEncoding = 4; lastKnownFileType = text.xml; path = haarcascade_frontalface_default.xml; sourceTree = "<group>"; };
		EFD041B82AD477110005F861 /* PrefixHeader.pch */ = {isa = PBXFileReference; lastKnownFileType = sourcecode.c.h; path = PrefixHeader.pch; sourceTree = "<group>"; };
		EFD041B92AD47B410005F861 /* CameraController.swift */ = {isa = PBXFileReference; lastKnownFileType = sourcecode.swift; path = CameraController.swift; sourceTree = "<group>"; };
		EFD041BF2AD4AAB00005F861 /* haarcascade_cat.xml */ = {isa = PBXFileReference; fileEncoding = 4; lastKnownFileType = text.xml; path = haarcascade_cat.xml; sourceTree = "<group>"; };
/* End PBXFileReference section */

/* Begin PBXFrameworksBuildPhase section */
		EFD041712AD466A30005F861 /* Frameworks */ = {
			isa = PBXFrameworksBuildPhase;
			buildActionMask = 2147483647;
			files = (
				EFD041B72AD475D40005F861 /* OpenCV in Frameworks */,
			);
			runOnlyForDeploymentPostprocessing = 0;
		};
		EFD041872AD466A50005F861 /* Frameworks */ = {
			isa = PBXFrameworksBuildPhase;
			buildActionMask = 2147483647;
			files = (
			);
			runOnlyForDeploymentPostprocessing = 0;
		};
/* End PBXFrameworksBuildPhase section */

/* Begin PBXGroup section */
		EFD0416B2AD466A30005F861 = {
			isa = PBXGroup;
			children = (
				EFD041762AD466A30005F861 /* OpenCV_Cam */,
				EFD0418D2AD466A50005F861 /* OpenCV_CamTests */,
				EFD041752AD466A30005F861 /* Products */,
				EFD041B12AD474FA0005F861 /* Frameworks */,
			);
			sourceTree = "<group>";
		};
		EFD041752AD466A30005F861 /* Products */ = {
			isa = PBXGroup;
			children = (
				EFD041742AD466A30005F861 /* OpenCV_Cam.app */,
				EFD0418A2AD466A50005F861 /* OpenCV_CamTests.xctest */,
			);
			name = Products;
			sourceTree = "<group>";
		};
		EFD041762AD466A30005F861 /* OpenCV_Cam */ = {
			isa = PBXGroup;
			children = (
				EFD041B82AD477110005F861 /* PrefixHeader.pch */,
				EFD041AE2AD470FD0005F861 /* feature_detectors */,
				EFD041772AD466A30005F861 /* AppDelegate.swift */,
				EFD041792AD466A30005F861 /* SceneDelegate.swift */,
				EFD0417B2AD466A30005F861 /* ViewController.swift */,
				EFD041B92AD47B410005F861 /* CameraController.swift */,
				EFD041AB2AD46B700005F861 /* OpenCVDetector.h */,
				EFD041AC2AD46B700005F861 /* OpenCVDetector.mm */,
				EFD0417D2AD466A30005F861 /* Main.storyboard */,
				EFD041802AD466A40005F861 /* Assets.xcassets */,
				EFD041822AD466A40005F861 /* LaunchScreen.storyboard */,
				EFD041852AD466A40005F861 /* Info.plist */,
				EFD041AA2AD46B700005F861 /* OpenCV_Cam-Bridging-Header.h */,
			);
			path = OpenCV_Cam;
			sourceTree = "<group>";
		};
		EFD0418D2AD466A50005F861 /* OpenCV_CamTests */ = {
			isa = PBXGroup;
			children = (
				EF61DBEE2AD7103500B2C01B /* blurry_image.jpg */,
				EF61DBF12AD7122A00B2C01B /* clear_image.jpg */,
				EFD0418E2AD466A50005F861 /* OpenCV_CamTests.swift */,
			);
			path = OpenCV_CamTests;
			sourceTree = "<group>";
		};
		EFD041AE2AD470FD0005F861 /* feature_detectors */ = {
			isa = PBXGroup;
			children = (
				EFD041BF2AD4AAB00005F861 /* haarcascade_cat.xml */,
				EFD041AF2AD4710C0005F861 /* haarcascade_frontalface_default.xml */,
			);
			path = feature_detectors;
			sourceTree = "<group>";
		};
		EFD041B12AD474FA0005F861 /* Frameworks */ = {
			isa = PBXGroup;
			children = (
			);
			name = Frameworks;
			sourceTree = "<group>";
		};
/* End PBXGroup section */

/* Begin PBXNativeTarget section */
		EFD041732AD466A30005F861 /* OpenCV_Cam */ = {
			isa = PBXNativeTarget;
			buildConfigurationList = EFD0419E2AD466A50005F861 /* Build configuration list for PBXNativeTarget "OpenCV_Cam" */;
			buildPhases = (
				EFD041702AD466A30005F861 /* Sources */,
				EFD041712AD466A30005F861 /* Frameworks */,
				EFD041722AD466A30005F861 /* Resources */,
			);
			buildRules = (
			);
			dependencies = (
			);
			name = OpenCV_Cam;
			packageProductDependencies = (
				EFD041B62AD475D40005F861 /* OpenCV */,
			);
			productName = OpenCV_Cam;
			productReference = EFD041742AD466A30005F861 /* OpenCV_Cam.app */;
			productType = "com.apple.product-type.application";
		};
		EFD041892AD466A50005F861 /* OpenCV_CamTests */ = {
			isa = PBXNativeTarget;
			buildConfigurationList = EFD041A12AD466A50005F861 /* Build configuration list for PBXNativeTarget "OpenCV_CamTests" */;
			buildPhases = (
				EFD041862AD466A50005F861 /* Sources */,
				EFD041872AD466A50005F861 /* Frameworks */,
				EFD041882AD466A50005F861 /* Resources */,
			);
			buildRules = (
			);
			dependencies = (
				EFD0418C2AD466A50005F861 /* PBXTargetDependency */,
			);
			name = OpenCV_CamTests;
			productName = OpenCV_CamTests;
			productReference = EFD0418A2AD466A50005F861 /* OpenCV_CamTests.xctest */;
			productType = "com.apple.product-type.bundle.unit-test";
		};
/* End PBXNativeTarget section */

/* Begin PBXProject section */
		EFD0416C2AD466A30005F861 /* Project object */ = {
			isa = PBXProject;
			attributes = {
				BuildIndependentTargetsInParallel = 1;
				LastSwiftUpdateCheck = 1430;
				LastUpgradeCheck = 1430;
				TargetAttributes = {
					EFD041732AD466A30005F861 = {
						CreatedOnToolsVersion = 14.3.1;
						LastSwiftMigration = 1430;
					};
					EFD041892AD466A50005F861 = {
						CreatedOnToolsVersion = 14.3.1;
						TestTargetID = EFD041732AD466A30005F861;
					};
				};
			};
			buildConfigurationList = EFD0416F2AD466A30005F861 /* Build configuration list for PBXProject "OpenCV_Cam" */;
			compatibilityVersion = "Xcode 14.0";
			developmentRegion = en;
			hasScannedForEncodings = 0;
			knownRegions = (
				en,
				Base,
			);
			mainGroup = EFD0416B2AD466A30005F861;
			packageReferences = (
				EFD041A72AD46ADA0005F861 /* XCRemoteSwiftPackageReference "opencv-spm" */,
			);
			productRefGroup = EFD041752AD466A30005F861 /* Products */;
			projectDirPath = "";
			projectRoot = "";
			targets = (
				EFD041732AD466A30005F861 /* OpenCV_Cam */,
				EFD041892AD466A50005F861 /* OpenCV_CamTests */,
			);
		};
/* End PBXProject section */

/* Begin PBXResourcesBuildPhase section */
		EFD041722AD466A30005F861 /* Resources */ = {
			isa = PBXResourcesBuildPhase;
			buildActionMask = 2147483647;
			files = (
				EFD041842AD466A40005F861 /* LaunchScreen.storyboard in Resources */,
				EFD041812AD466A40005F861 /* Assets.xcassets in Resources */,
				EFD041C02AD4AAB00005F861 /* haarcascade_cat.xml in Resources */,
				EFD041B02AD4710C0005F861 /* haarcascade_frontalface_default.xml in Resources */,
				EFD0417F2AD466A30005F861 /* Main.storyboard in Resources */,
			);
			runOnlyForDeploymentPostprocessing = 0;
		};
		EFD041882AD466A50005F861 /* Resources */ = {
			isa = PBXResourcesBuildPhase;
			buildActionMask = 2147483647;
			files = (
				EF61DBF02AD7103500B2C01B /* blurry_image.jpg in Resources */,
				EF61DBF22AD7122A00B2C01B /* clear_image.jpg in Resources */,
			);
			runOnlyForDeploymentPostprocessing = 0;
		};
/* End PBXResourcesBuildPhase section */

/* Begin PBXSourcesBuildPhase section */
		EFD041702AD466A30005F861 /* Sources */ = {
			isa = PBXSourcesBuildPhase;
			buildActionMask = 2147483647;
			files = (
				EFD041AD2AD46B700005F861 /* OpenCVDetector.mm in Sources */,
				EFD0417C2AD466A30005F861 /* ViewController.swift in Sources */,
				EFD041782AD466A30005F861 /* AppDelegate.swift in Sources */,
				EFD0417A2AD466A30005F861 /* SceneDelegate.swift in Sources */,
				EFD041BA2AD47B410005F861 /* CameraController.swift in Sources */,
			);
			runOnlyForDeploymentPostprocessing = 0;
		};
		EFD041862AD466A50005F861 /* Sources */ = {
			isa = PBXSourcesBuildPhase;
			buildActionMask = 2147483647;
			files = (
				EFD0418F2AD466A50005F861 /* OpenCV_CamTests.swift in Sources */,
			);
			runOnlyForDeploymentPostprocessing = 0;
		};
/* End PBXSourcesBuildPhase section */

/* Begin PBXTargetDependency section */
		EFD0418C2AD466A50005F861 /* PBXTargetDependency */ = {
			isa = PBXTargetDependency;
			target = EFD041732AD466A30005F861 /* OpenCV_Cam */;
			targetProxy = EFD0418B2AD466A50005F861 /* PBXContainerItemProxy */;
		};
/* End PBXTargetDependency section */

/* Begin PBXVariantGroup section */
		EFD0417D2AD466A30005F861 /* Main.storyboard */ = {
			isa = PBXVariantGroup;
			children = (
				EFD0417E2AD466A30005F861 /* Base */,
			);
			name = Main.storyboard;
			sourceTree = "<group>";
		};
		EFD041822AD466A40005F861 /* LaunchScreen.storyboard */ = {
			isa = PBXVariantGroup;
			children = (
				EFD041832AD466A40005F861 /* Base */,
			);
			name = LaunchScreen.storyboard;
			sourceTree = "<group>";
		};
/* End PBXVariantGroup section */

/* Begin XCBuildConfiguration section */
		EFD0419C2AD466A50005F861 /* Debug */ = {
			isa = XCBuildConfiguration;
			buildSettings = {
				ALWAYS_SEARCH_USER_PATHS = NO;
				CLANG_ANALYZER_NONNULL = YES;
				CLANG_ANALYZER_NUMBER_OBJECT_CONVERSION = YES_AGGRESSIVE;
				CLANG_CXX_LANGUAGE_STANDARD = "gnu++20";
				CLANG_ENABLE_MODULES = YES;
				CLANG_ENABLE_OBJC_ARC = YES;
				CLANG_ENABLE_OBJC_WEAK = YES;
				CLANG_WARN_BLOCK_CAPTURE_AUTORELEASING = YES;
				CLANG_WARN_BOOL_CONVERSION = YES;
				CLANG_WARN_COMMA = YES;
				CLANG_WARN_CONSTANT_CONVERSION = YES;
				CLANG_WARN_DEPRECATED_OBJC_IMPLEMENTATIONS = YES;
				CLANG_WARN_DIRECT_OBJC_ISA_USAGE = YES_ERROR;
				CLANG_WARN_DOCUMENTATION_COMMENTS = YES;
				CLANG_WARN_EMPTY_BODY = YES;
				CLANG_WARN_ENUM_CONVERSION = YES;
				CLANG_WARN_INFINITE_RECURSION = YES;
				CLANG_WARN_INT_CONVERSION = YES;
				CLANG_WARN_NON_LITERAL_NULL_CONVERSION = YES;
				CLANG_WARN_OBJC_IMPLICIT_RETAIN_SELF = YES;
				CLANG_WARN_OBJC_LITERAL_CONVERSION = YES;
				CLANG_WARN_OBJC_ROOT_CLASS = YES_ERROR;
				CLANG_WARN_QUOTED_INCLUDE_IN_FRAMEWORK_HEADER = YES;
				CLANG_WARN_RANGE_LOOP_ANALYSIS = YES;
				CLANG_WARN_STRICT_PROTOTYPES = YES;
				CLANG_WARN_SUSPICIOUS_MOVE = YES;
				CLANG_WARN_UNGUARDED_AVAILABILITY = YES_AGGRESSIVE;
				CLANG_WARN_UNREACHABLE_CODE = YES;
				CLANG_WARN__DUPLICATE_METHOD_MATCH = YES;
				COPY_PHASE_STRIP = NO;
				DEBUG_INFORMATION_FORMAT = dwarf;
				ENABLE_STRICT_OBJC_MSGSEND = YES;
				ENABLE_TESTABILITY = YES;
				GCC_C_LANGUAGE_STANDARD = gnu11;
				GCC_DYNAMIC_NO_PIC = NO;
				GCC_NO_COMMON_BLOCKS = YES;
				GCC_OPTIMIZATION_LEVEL = 0;
				GCC_PREPROCESSOR_DEFINITIONS = (
					"DEBUG=1",
					"$(inherited)",
				);
				GCC_WARN_64_TO_32_BIT_CONVERSION = YES;
				GCC_WARN_ABOUT_RETURN_TYPE = YES_ERROR;
				GCC_WARN_UNDECLARED_SELECTOR = YES;
				GCC_WARN_UNINITIALIZED_AUTOS = YES_AGGRESSIVE;
				GCC_WARN_UNUSED_FUNCTION = YES;
				GCC_WARN_UNUSED_VARIABLE = YES;
				IPHONEOS_DEPLOYMENT_TARGET = 16.4;
				MTL_ENABLE_DEBUG_INFO = INCLUDE_SOURCE;
				MTL_FAST_MATH = YES;
				ONLY_ACTIVE_ARCH = YES;
				SDKROOT = iphoneos;
				SWIFT_ACTIVE_COMPILATION_CONDITIONS = DEBUG;
				SWIFT_OPTIMIZATION_LEVEL = "-Onone";
			};
			name = Debug;
		};
		EFD0419D2AD466A50005F861 /* Release */ = {
			isa = XCBuildConfiguration;
			buildSettings = {
				ALWAYS_SEARCH_USER_PATHS = NO;
				CLANG_ANALYZER_NONNULL = YES;
				CLANG_ANALYZER_NUMBER_OBJECT_CONVERSION = YES_AGGRESSIVE;
				CLANG_CXX_LANGUAGE_STANDARD = "gnu++20";
				CLANG_ENABLE_MODULES = YES;
				CLANG_ENABLE_OBJC_ARC = YES;
				CLANG_ENABLE_OBJC_WEAK = YES;
				CLANG_WARN_BLOCK_CAPTURE_AUTORELEASING = YES;
				CLANG_WARN_BOOL_CONVERSION = YES;
				CLANG_WARN_COMMA = YES;
				CLANG_WARN_CONSTANT_CONVERSION = YES;
				CLANG_WARN_DEPRECATED_OBJC_IMPLEMENTATIONS = YES;
				CLANG_WARN_DIRECT_OBJC_ISA_USAGE = YES_ERROR;
				CLANG_WARN_DOCUMENTATION_COMMENTS = YES;
				CLANG_WARN_EMPTY_BODY = YES;
				CLANG_WARN_ENUM_CONVERSION = YES;
				CLANG_WARN_INFINITE_RECURSION = YES;
				CLANG_WARN_INT_CONVERSION = YES;
				CLANG_WARN_NON_LITERAL_NULL_CONVERSION = YES;
				CLANG_WARN_OBJC_IMPLICIT_RETAIN_SELF = YES;
				CLANG_WARN_OBJC_LITERAL_CONVERSION = YES;
				CLANG_WARN_OBJC_ROOT_CLASS = YES_ERROR;
				CLANG_WARN_QUOTED_INCLUDE_IN_FRAMEWORK_HEADER = YES;
				CLANG_WARN_RANGE_LOOP_ANALYSIS = YES;
				CLANG_WARN_STRICT_PROTOTYPES = YES;
				CLANG_WARN_SUSPICIOUS_MOVE = YES;
				CLANG_WARN_UNGUARDED_AVAILABILITY = YES_AGGRESSIVE;
				CLANG_WARN_UNREACHABLE_CODE = YES;
				CLANG_WARN__DUPLICATE_METHOD_MATCH = YES;
				COPY_PHASE_STRIP = NO;
				DEBUG_INFORMATION_FORMAT = "dwarf-with-dsym";
				ENABLE_NS_ASSERTIONS = NO;
				ENABLE_STRICT_OBJC_MSGSEND = YES;
				GCC_C_LANGUAGE_STANDARD = gnu11;
				GCC_NO_COMMON_BLOCKS = YES;
				GCC_WARN_64_TO_32_BIT_CONVERSION = YES;
				GCC_WARN_ABOUT_RETURN_TYPE = YES_ERROR;
				GCC_WARN_UNDECLARED_SELECTOR = YES;
				GCC_WARN_UNINITIALIZED_AUTOS = YES_AGGRESSIVE;
				GCC_WARN_UNUSED_FUNCTION = YES;
				GCC_WARN_UNUSED_VARIABLE = YES;
				IPHONEOS_DEPLOYMENT_TARGET = 16.4;
				MTL_ENABLE_DEBUG_INFO = NO;
				MTL_FAST_MATH = YES;
				SDKROOT = iphoneos;
				SWIFT_COMPILATION_MODE = wholemodule;
				SWIFT_OPTIMIZATION_LEVEL = "-O";
				VALIDATE_PRODUCT = YES;
			};
			name = Release;
		};
		EFD0419F2AD466A50005F861 /* Debug */ = {
			isa = XCBuildConfiguration;
			buildSettings = {
				ASSETCATALOG_COMPILER_APPICON_NAME = AppIcon;
				ASSETCATALOG_COMPILER_GLOBAL_ACCENT_COLOR_NAME = AccentColor;
				CLANG_CXX_LANGUAGE_STANDARD = "gnu++20";
				CLANG_ENABLE_MODULES = YES;
				CLANG_WARN_CXX0X_EXTENSIONS = YES;
				CODE_SIGN_STYLE = Automatic;
				CURRENT_PROJECT_VERSION = 1;
				DEVELOPMENT_TEAM = GV49AHY2S2;
				FRAMEWORK_SEARCH_PATHS = (
					"$(inherited)",
					"$(PROJECT_DIR)",
				);
				GCC_PREFIX_HEADER = "$(SRCROOT)/OpenCV_Cam/PrefixHeader.pch";
				GENERATE_INFOPLIST_FILE = YES;
				INFOPLIST_FILE = OpenCV_Cam/Info.plist;
				INFOPLIST_KEY_NSCameraUsageDescription = "Uses camera for feature detection";
				INFOPLIST_KEY_UIApplicationSupportsIndirectInputEvents = YES;
				INFOPLIST_KEY_UILaunchStoryboardName = LaunchScreen;
				INFOPLIST_KEY_UIMainStoryboardFile = Main;
				INFOPLIST_KEY_UISupportedInterfaceOrientations = UIInterfaceOrientationPortrait;
				INFOPLIST_KEY_UISupportedInterfaceOrientations_iPad = "UIInterfaceOrientationLandscapeLeft UIInterfaceOrientationLandscapeRight UIInterfaceOrientationPortrait UIInterfaceOrientationPortraitUpsideDown";
				LD_RUNPATH_SEARCH_PATHS = (
					"$(inherited)",
					"@executable_path/Frameworks",
				);
				MARKETING_VERSION = 1.0;
				PRODUCT_BUNDLE_IDENTIFIER = "com.clem.OpenCV-Cam";
				PRODUCT_NAME = "$(TARGET_NAME)";
				SUPPORTED_PLATFORMS = "iphoneos iphonesimulator";
				SUPPORTS_MACCATALYST = NO;
				SUPPORTS_MAC_DESIGNED_FOR_IPHONE_IPAD = NO;
				SWIFT_EMIT_LOC_STRINGS = YES;
				SWIFT_OBJC_BRIDGING_HEADER = "OpenCV_Cam/OpenCV_Cam-Bridging-Header.h";
				SWIFT_OPTIMIZATION_LEVEL = "-Onone";
				SWIFT_VERSION = 5.0;
				TARGETED_DEVICE_FAMILY = 1;
			};
			name = Debug;
		};
		EFD041A02AD466A50005F861 /* Release */ = {
			isa = XCBuildConfiguration;
			buildSettings = {
				ASSETCATALOG_COMPILER_APPICON_NAME = AppIcon;
				ASSETCATALOG_COMPILER_GLOBAL_ACCENT_COLOR_NAME = AccentColor;
				CLANG_CXX_LANGUAGE_STANDARD = "gnu++20";
				CLANG_ENABLE_MODULES = YES;
				CLANG_WARN_CXX0X_EXTENSIONS = YES;
				CODE_SIGN_STYLE = Automatic;
				CURRENT_PROJECT_VERSION = 1;
				DEVELOPMENT_TEAM = GV49AHY2S2;
				FRAMEWORK_SEARCH_PATHS = (
					"$(inherited)",
					"$(PROJECT_DIR)",
				);
				GCC_PREFIX_HEADER = "$(SRCROOT)/OpenCV_Cam/PrefixHeader.pch";
				GENERATE_INFOPLIST_FILE = YES;
				INFOPLIST_FILE = OpenCV_Cam/Info.plist;
				INFOPLIST_KEY_NSCameraUsageDescription = "Uses camera for feature detection";
				INFOPLIST_KEY_UIApplicationSupportsIndirectInputEvents = YES;
				INFOPLIST_KEY_UILaunchStoryboardName = LaunchScreen;
				INFOPLIST_KEY_UIMainStoryboardFile = Main;
				INFOPLIST_KEY_UISupportedInterfaceOrientations = UIInterfaceOrientationPortrait;
				INFOPLIST_KEY_UISupportedInterfaceOrientations_iPad = "UIInterfaceOrientationLandscapeLeft UIInterfaceOrientationLandscapeRight UIInterfaceOrientationPortrait UIInterfaceOrientationPortraitUpsideDown";
				LD_RUNPATH_SEARCH_PATHS = (
					"$(inherited)",
					"@executable_path/Frameworks",
				);
				MARKETING_VERSION = 1.0;
				PRODUCT_BUNDLE_IDENTIFIER = "com.clem.OpenCV-Cam";
				PRODUCT_NAME = "$(TARGET_NAME)";
				SUPPORTED_PLATFORMS = "iphoneos iphonesimulator";
				SUPPORTS_MACCATALYST = NO;
				SUPPORTS_MAC_DESIGNED_FOR_IPHONE_IPAD = NO;
				SWIFT_EMIT_LOC_STRINGS = YES;
				SWIFT_OBJC_BRIDGING_HEADER = "OpenCV_Cam/OpenCV_Cam-Bridging-Header.h";
				SWIFT_VERSION = 5.0;
				TARGETED_DEVICE_FAMILY = 1;
			};
			name = Release;
		};
		EFD041A22AD466A50005F861 /* Debug */ = {
			isa = XCBuildConfiguration;
			buildSettings = {
				ALWAYS_EMBED_SWIFT_STANDARD_LIBRARIES = YES;
				BUNDLE_LOADER = "$(TEST_HOST)";
				CODE_SIGN_STYLE = Automatic;
				CURRENT_PROJECT_VERSION = 1;
				DEVELOPMENT_TEAM = GV49AHY2S2;
				GENERATE_INFOPLIST_FILE = YES;
				IPHONEOS_DEPLOYMENT_TARGET = 16.4;
				MARKETING_VERSION = 1.0;
				PRODUCT_BUNDLE_IDENTIFIER = "com.clem.OpenCV-CamTests";
				PRODUCT_NAME = "$(TARGET_NAME)";
				SWIFT_EMIT_LOC_STRINGS = NO;
				SWIFT_VERSION = 5.0;
				TARGETED_DEVICE_FAMILY = "1,2";
				TEST_HOST = "$(BUILT_PRODUCTS_DIR)/OpenCV_Cam.app/$(BUNDLE_EXECUTABLE_FOLDER_PATH)/OpenCV_Cam";
			};
			name = Debug;
		};
		EFD041A32AD466A50005F861 /* Release */ = {
			isa = XCBuildConfiguration;
			buildSettings = {
				ALWAYS_EMBED_SWIFT_STANDARD_LIBRARIES = YES;
				BUNDLE_LOADER = "$(TEST_HOST)";
				CODE_SIGN_STYLE = Automatic;
				CURRENT_PROJECT_VERSION = 1;
				DEVELOPMENT_TEAM = GV49AHY2S2;
				GENERATE_INFOPLIST_FILE = YES;
				IPHONEOS_DEPLOYMENT_TARGET = 16.4;
				MARKETING_VERSION = 1.0;
				PRODUCT_BUNDLE_IDENTIFIER = "com.clem.OpenCV-CamTests";
				PRODUCT_NAME = "$(TARGET_NAME)";
				SWIFT_EMIT_LOC_STRINGS = NO;
				SWIFT_VERSION = 5.0;
				TARGETED_DEVICE_FAMILY = "1,2";
				TEST_HOST = "$(BUILT_PRODUCTS_DIR)/OpenCV_Cam.app/$(BUNDLE_EXECUTABLE_FOLDER_PATH)/OpenCV_Cam";
			};
			name = Release;
		};
/* End XCBuildConfiguration section */

/* Begin XCConfigurationList section */
		EFD0416F2AD466A30005F861 /* Build configuration list for PBXProject "OpenCV_Cam" */ = {
			isa = XCConfigurationList;
			buildConfigurations = (
				EFD0419C2AD466A50005F861 /* Debug */,
				EFD0419D2AD466A50005F861 /* Release */,
			);
			defaultConfigurationIsVisible = 0;
			defaultConfigurationName = Release;
		};
		EFD0419E2AD466A50005F861 /* Build configuration list for PBXNativeTarget "OpenCV_Cam" */ = {
			isa = XCConfigurationList;
			buildConfigurations = (
				EFD0419F2AD466A50005F861 /* Debug */,
				EFD041A02AD466A50005F861 /* Release */,
			);
			defaultConfigurationIsVisible = 0;
			defaultConfigurationName = Release;
		};
		EFD041A12AD466A50005F861 /* Build configuration list for PBXNativeTarget "OpenCV_CamTests" */ = {
			isa = XCConfigurationList;
			buildConfigurations = (
				EFD041A22AD466A50005F861 /* Debug */,
				EFD041A32AD466A50005F861 /* Release */,
			);
			defaultConfigurationIsVisible = 0;
			defaultConfigurationName = Release;
		};
/* End XCConfigurationList section */

/* Begin XCRemoteSwiftPackageReference section */
		EFD041A72AD46ADA0005F861 /* XCRemoteSwiftPackageReference "opencv-spm" */ = {
			isa = XCRemoteSwiftPackageReference;
			repositoryURL = "https://github.com/yeatse/opencv-spm.git";
			requirement = {
				kind = upToNextMajorVersion;
				minimumVersion = 4.0.0;
			};
		};
/* End XCRemoteSwiftPackageReference section */

/* Begin XCSwiftPackageProductDependency section */
		EFD041B62AD475D40005F861 /* OpenCV */ = {
			isa = XCSwiftPackageProductDependency;
			package = EFD041A72AD46ADA0005F861 /* XCRemoteSwiftPackageReference "opencv-spm" */;
			productName = OpenCV;
		};
/* End XCSwiftPackageProductDependency section */
	};
	rootObject = EFD0416C2AD466A30005F861 /* Project object */;
}
